
Microsoft Visual Studio Solution File, Format Version 12.00
# Visual Studio Version 16
VisualStudioVersion = 16.0.29613.14
MinimumVisualStudioVersion = 10.0.40219.1
Project("{FAE04EC0-301F-11D3-BF4B-00C04F79EFBC}") = "Dummy.Tests", "Dummy.Tests\Dummy.Tests.csproj", "{9A36B2EA-A994-4D52-AD7B-96C5D6B4F1D9}"
EndProject
Global
	GlobalSection(SolutionConfigurationPlatforms) = preSolution
		Debug|Any CPU = Debug|Any CPU
		Release|Any CPU = Release|Any CPU
	EndGlobalSection
	GlobalSection(ProjectConfigurationPlatforms) = postSolution
		{9A36B2EA-A994-4D52-AD7B-96C5D6B4F1D9}.Debug|Any CPU.ActiveCfg = Debug|Any CPU
		{9A36B2EA-A994-4D52-AD7B-96C5D6B4F1D9}.Debug|Any CPU.Build.0 = Debug|Any CPU
		{9A36B2EA-A994-4D52-AD7B-96C5D6B4F1D9}.Release|Any CPU.ActiveCfg = Release|Any CPU
		{9A36B2EA-A994-4D52-AD7B-96C5D6B4F1D9}.Release|Any CPU.Build.0 = Release|Any CPU
	EndGlobalSection
	GlobalSection(SolutionProperties) = preSolution
		HideSolutionNode = FALSE
	EndGlobalSection
	GlobalSection(ExtensibilityGlobals) = postSolution
		SolutionGuid = {32BA8ED4-D6B5-4979-B2D1-E92AEFB7B016}
	EndGlobalSection
EndGlobal
